
Microsoft Visual Studio Solution File, Format Version 12.00
# Visual Studio 15
VisualStudioVersion = 15.0.27004.2002
MinimumVisualStudioVersion = 10.0.40219.1
Project("{FAE04EC0-301F-11D3-BF4B-00C04F79EFBC}") = "AndroidMath", "AndroidMath\AndroidMath.csproj", "{819E3B99-494F-447F-890F-48D7991BB141}"
EndProject
Global
	GlobalSection(SolutionConfigurationPlatforms) = preSolution
		Debug|Any CPU = Debug|Any CPU
		Release|Any CPU = Release|Any CPU
	EndGlobalSection
	GlobalSection(ProjectConfigurationPlatforms) = postSolution
		{819E3B99-494F-447F-890F-48D7991BB141}.Debug|Any CPU.ActiveCfg = Debug|Any CPU
		{819E3B99-494F-447F-890F-48D7991BB141}.Debug|Any CPU.Build.0 = Debug|Any CPU
		{819E3B99-494F-447F-890F-48D7991BB141}.Debug|Any CPU.Deploy.0 = Debug|Any CPU
		{819E3B99-494F-447F-890F-48D7991BB141}.Release|Any CPU.ActiveCfg = Release|Any CPU
		{819E3B99-494F-447F-890F-48D7991BB141}.Release|Any CPU.Build.0 = Release|Any CPU
		{819E3B99-494F-447F-890F-48D7991BB141}.Release|Any CPU.Deploy.0 = Release|Any CPU
	EndGlobalSection
	GlobalSection(SolutionProperties) = preSolution
		HideSolutionNode = FALSE
	EndGlobalSection
	GlobalSection(ExtensibilityGlobals) = postSolution
		SolutionGuid = {1E7A8B05-7607-4B0D-A913-69EEC711CBEF}
	EndGlobalSection
EndGlobal
